// !$*UTF8*$!
{
	archiveVersion = 1;
	classes = {
	};
	objectVersion = 55;
	objects = {

/* Begin PBXBuildFile section */
		DC1AE0FA27A80D7A00CC0018 /* pin_tester.h in Headers */ = {isa = PBXBuildFile; fileRef = DC5FBB9C27A444FA008AAFDE /* pin_tester.h */; settings = {ATTRIBUTES = (Public, ); }; };
		DC1AE0FB27A80D7A00CC0018 /* wultra_pass_meter.c in Sources */ = {isa = PBXBuildFile; fileRef = DC5FBBA027A444FA008AAFDE /* wultra_pass_meter.c */; };
		DC1AE0FC27A80D7A00CC0018 /* wultra_pass_meter.h in Headers */ = {isa = PBXBuildFile; fileRef = DC5FBB9D27A444FA008AAFDE /* wultra_pass_meter.h */; settings = {ATTRIBUTES = (Public, ); }; };
		DC1AE0FD27A80D7A00CC0018 /* pin_tester.c in Sources */ = {isa = PBXBuildFile; fileRef = DC5FBB9E27A444FA008AAFDE /* pin_tester.c */; };
		DC1AE0FE27A80D7A00CC0018 /* zxcvbn.c in Sources */ = {isa = PBXBuildFile; fileRef = DC5FBB9A27A444FA008AAFDE /* zxcvbn.c */; };
		DC1AE0FF27A80D7A00CC0018 /* zxcvbn.h in Headers */ = {isa = PBXBuildFile; fileRef = DC5FBBA127A444FA008AAFDE /* zxcvbn.h */; settings = {ATTRIBUTES = (Public, ); }; };
		DC1AE10027A80D7A00CC0018 /* wpm_types.h in Headers */ = {isa = PBXBuildFile; fileRef = DC5FBB9F27A444FA008AAFDE /* wpm_types.h */; settings = {ATTRIBUTES = (Public, ); }; };
		DC1AE11227A828DC00CC0018 /* WultraPassphraseMeterCore.h in Headers */ = {isa = PBXBuildFile; fileRef = DC1AE11127A828DC00CC0018 /* WultraPassphraseMeterCore.h */; settings = {ATTRIBUTES = (Public, ); }; };
		DC1BA7E8284E59D600325092 /* en.dct in Resources */ = {isa = PBXBuildFile; fileRef = DC1BA7E7284E59D600325092 /* en.dct */; };
		DC1BA7EB284E59F600325092 /* czsk.dct in Resources */ = {isa = PBXBuildFile; fileRef = DC1BA7EA284E59F100325092 /* czsk.dct */; };
		DC1BA7FC284F3DBB00325092 /* PasswordTester_ro.swift in Sources */ = {isa = PBXBuildFile; fileRef = DC1BA7FB284F3DBB00325092 /* PasswordTester_ro.swift */; };
		DC1BA7FE284F401800325092 /* ro.dct in Resources */ = {isa = PBXBuildFile; fileRef = DC1BA7FD284F401800325092 /* ro.dct */; };
		DC5FBB7A27A442AD008AAFDE /* PasswordTester.swift in Sources */ = {isa = PBXBuildFile; fileRef = DC5FBB7927A442AD008AAFDE /* PasswordTester.swift */; };
		DC5FBBB827A44C6E008AAFDE /* PasswordTester_czsk.swift in Sources */ = {isa = PBXBuildFile; fileRef = DC5FBBB727A44C6E008AAFDE /* PasswordTester_czsk.swift */; };
		DC5FBBCB27A48F56008AAFDE /* PasswordTester_en.swift in Sources */ = {isa = PBXBuildFile; fileRef = DC5FBBCA27A48F56008AAFDE /* PasswordTester_en.swift */; };
/* End PBXBuildFile section */

/* Begin PBXContainerItemProxy section */
		DC1AE10127A80DB700CC0018 /* PBXContainerItemProxy */ = {
			isa = PBXContainerItemProxy;
			containerPortal = DC5FBB6627A41533008AAFDE /* Project object */;
			proxyType = 1;
			remoteGlobalIDString = DC1AE0F227A80D5300CC0018;
			remoteInfo = WultraPassphraseMeterCore;
		};
		DC1BA7F0284F3D8B00325092 /* PBXContainerItemProxy */ = {
			isa = PBXContainerItemProxy;
			containerPortal = DC5FBB6627A41533008AAFDE /* Project object */;
			proxyType = 1;
			remoteGlobalIDString = DC5FBB6E27A41533008AAFDE;
			remoteInfo = WultraPassphraseMeter;
		};
		DC5FBBBB27A44CAB008AAFDE /* PBXContainerItemProxy */ = {
			isa = PBXContainerItemProxy;
			containerPortal = DC5FBB6627A41533008AAFDE /* Project object */;
			proxyType = 1;
			remoteGlobalIDString = DC5FBB6E27A41533008AAFDE;
			remoteInfo = WultraPassphraseMeter;
		};
		DC5FBBCE27A48FAB008AAFDE /* PBXContainerItemProxy */ = {
			isa = PBXContainerItemProxy;
			containerPortal = DC5FBB6627A41533008AAFDE /* Project object */;
			proxyType = 1;
			remoteGlobalIDString = DC5FBB6E27A41533008AAFDE;
			remoteInfo = WultraPassphraseMeter;
		};
/* End PBXContainerItemProxy section */

/* Begin PBXFileReference section */
		DC1AE0F327A80D5300CC0018 /* WultraPassphraseMeterCore.framework */ = {isa = PBXFileReference; explicitFileType = wrapper.framework; includeInIndex = 0; path = WultraPassphraseMeterCore.framework; sourceTree = BUILT_PRODUCTS_DIR; };
		DC1AE10327A80EB100CC0018 /* module.modulemap */ = {isa = PBXFileReference; lastKnownFileType = "sourcecode.module-map"; path = module.modulemap; sourceTree = "<group>"; };
		DC1AE11127A828DC00CC0018 /* WultraPassphraseMeterCore.h */ = {isa = PBXFileReference; fileEncoding = 4; lastKnownFileType = sourcecode.c.h; path = WultraPassphraseMeterCore.h; sourceTree = "<group>"; };
		DC1BA7E7284E59D600325092 /* en.dct */ = {isa = PBXFileReference; lastKnownFileType = file; name = en.dct; path = ../../dictionaries/en.dct; sourceTree = "<group>"; };
		DC1BA7EA284E59F100325092 /* czsk.dct */ = {isa = PBXFileReference; lastKnownFileType = file; name = czsk.dct; path = ../../dictionaries/czsk.dct; sourceTree = "<group>"; };
		DC1BA7FA284F3D8B00325092 /* WultraPassphraseMeterRODictionary.framework */ = {isa = PBXFileReference; explicitFileType = wrapper.framework; includeInIndex = 0; path = WultraPassphraseMeterRODictionary.framework; sourceTree = BUILT_PRODUCTS_DIR; };
		DC1BA7FB284F3DBB00325092 /* PasswordTester_ro.swift */ = {isa = PBXFileReference; fileEncoding = 4; lastKnownFileType = sourcecode.swift; name = PasswordTester_ro.swift; path = ../src_ios/PasswordTester_ro.swift; sourceTree = "<group>"; };
		DC1BA7FD284F401800325092 /* ro.dct */ = {isa = PBXFileReference; lastKnownFileType = file; name = ro.dct; path = ../../dictionaries/ro.dct; sourceTree = "<group>"; };
		DC5FBB6F27A41533008AAFDE /* WultraPassphraseMeter.framework */ = {isa = PBXFileReference; explicitFileType = wrapper.framework; includeInIndex = 0; path = WultraPassphraseMeter.framework; sourceTree = BUILT_PRODUCTS_DIR; };
		DC5FBB7927A442AD008AAFDE /* PasswordTester.swift */ = {isa = PBXFileReference; fileEncoding = 4; lastKnownFileType = sourcecode.swift; name = PasswordTester.swift; path = ../src_ios/PasswordTester.swift; sourceTree = "<group>"; };
		DC5FBB9A27A444FA008AAFDE /* zxcvbn.c */ = {isa = PBXFileReference; fileEncoding = 4; lastKnownFileType = sourcecode.c.c; name = zxcvbn.c; path = ../../src_native/zxcvbn.c; sourceTree = "<group>"; };
		DC5FBB9C27A444FA008AAFDE /* pin_tester.h */ = {isa = PBXFileReference; fileEncoding = 4; lastKnownFileType = sourcecode.c.h; name = pin_tester.h; path = ../../src_native/pin_tester.h; sourceTree = "<group>"; };
		DC5FBB9D27A444FA008AAFDE /* wultra_pass_meter.h */ = {isa = PBXFileReference; fileEncoding = 4; lastKnownFileType = sourcecode.c.h; name = wultra_pass_meter.h; path = ../../src_native/wultra_pass_meter.h; sourceTree = "<group>"; };
		DC5FBB9E27A444FA008AAFDE /* pin_tester.c */ = {isa = PBXFileReference; fileEncoding = 4; lastKnownFileType = sourcecode.c.c; name = pin_tester.c; path = ../../src_native/pin_tester.c; sourceTree = "<group>"; };
		DC5FBB9F27A444FA008AAFDE /* wpm_types.h */ = {isa = PBXFileReference; fileEncoding = 4; lastKnownFileType = sourcecode.c.h; name = wpm_types.h; path = ../../src_native/wpm_types.h; sourceTree = "<group>"; };
		DC5FBBA027A444FA008AAFDE /* wultra_pass_meter.c */ = {isa = PBXFileReference; fileEncoding = 4; lastKnownFileType = sourcecode.c.c; name = wultra_pass_meter.c; path = ../../src_native/wultra_pass_meter.c; sourceTree = "<group>"; };
		DC5FBBA127A444FA008AAFDE /* zxcvbn.h */ = {isa = PBXFileReference; fileEncoding = 4; lastKnownFileType = sourcecode.c.h; name = zxcvbn.h; path = ../../src_native/zxcvbn.h; sourceTree = "<group>"; };
		DC5FBBB027A44B55008AAFDE /* WultraPassphraseMeterCZSKDictionary.framework */ = {isa = PBXFileReference; explicitFileType = wrapper.framework; includeInIndex = 0; path = WultraPassphraseMeterCZSKDictionary.framework; sourceTree = BUILT_PRODUCTS_DIR; };
		DC5FBBB727A44C6E008AAFDE /* PasswordTester_czsk.swift */ = {isa = PBXFileReference; fileEncoding = 4; lastKnownFileType = sourcecode.swift; name = PasswordTester_czsk.swift; path = ../src_ios/PasswordTester_czsk.swift; sourceTree = "<group>"; };
		DC5FBBBD27A48A3A008AAFDE /* FwVersion.xcconfig */ = {isa = PBXFileReference; lastKnownFileType = text.xcconfig; path = FwVersion.xcconfig; sourceTree = "<group>"; };
		DC5FBBC327A48F3E008AAFDE /* WultraPassphraseMeterENDictionary.framework */ = {isa = PBXFileReference; explicitFileType = wrapper.framework; includeInIndex = 0; path = WultraPassphraseMeterENDictionary.framework; sourceTree = BUILT_PRODUCTS_DIR; };
		DC5FBBCA27A48F56008AAFDE /* PasswordTester_en.swift */ = {isa = PBXFileReference; fileEncoding = 4; lastKnownFileType = sourcecode.swift; name = PasswordTester_en.swift; path = ../src_ios/PasswordTester_en.swift; sourceTree = "<group>"; };
/* End PBXFileReference section */

/* Begin PBXFrameworksBuildPhase section */
		DC1AE0F027A80D5300CC0018 /* Frameworks */ = {
			isa = PBXFrameworksBuildPhase;
			buildActionMask = 2147483647;
			files = (
			);
			runOnlyForDeploymentPostprocessing = 0;
		};
		DC1BA7F4284F3D8B00325092 /* Frameworks */ = {
			isa = PBXFrameworksBuildPhase;
			buildActionMask = 2147483647;
			files = (
			);
			runOnlyForDeploymentPostprocessing = 0;
		};
		DC5FBB6C27A41533008AAFDE /* Frameworks */ = {
			isa = PBXFrameworksBuildPhase;
			buildActionMask = 2147483647;
			files = (
			);
			runOnlyForDeploymentPostprocessing = 0;
		};
		DC5FBBAD27A44B55008AAFDE /* Frameworks */ = {
			isa = PBXFrameworksBuildPhase;
			buildActionMask = 2147483647;
			files = (
			);
			runOnlyForDeploymentPostprocessing = 0;
		};
		DC5FBBC027A48F3E008AAFDE /* Frameworks */ = {
			isa = PBXFrameworksBuildPhase;
			buildActionMask = 2147483647;
			files = (
			);
			runOnlyForDeploymentPostprocessing = 0;
		};
/* End PBXFrameworksBuildPhase section */

/* Begin PBXGroup section */
		DC1BA7E5284E597E00325092 /* WultraPassphraseMeterENDictionary */ = {
			isa = PBXGroup;
			children = (
				DC1BA7E7284E59D600325092 /* en.dct */,
				DC5FBBCA27A48F56008AAFDE /* PasswordTester_en.swift */,
			);
			name = WultraPassphraseMeterENDictionary;
			sourceTree = "<group>";
		};
		DC1BA7E9284E59E300325092 /* WultraPassphraseMeterCZSKDictionary */ = {
			isa = PBXGroup;
			children = (
				DC1BA7EA284E59F100325092 /* czsk.dct */,
				DC5FBBB727A44C6E008AAFDE /* PasswordTester_czsk.swift */,
			);
			name = WultraPassphraseMeterCZSKDictionary;
			sourceTree = "<group>";
		};
		DC1BA7EC284E5A0200325092 /* WultraPassphraseMeter */ = {
			isa = PBXGroup;
			children = (
				DC5FBB7927A442AD008AAFDE /* PasswordTester.swift */,
			);
			name = WultraPassphraseMeter;
			sourceTree = "<group>";
		};
		DC1BA7ED284E5A3B00325092 /* WultraPassphraseMeterRODictionary */ = {
			isa = PBXGroup;
			children = (
				DC1BA7FB284F3DBB00325092 /* PasswordTester_ro.swift */,
				DC1BA7FD284F401800325092 /* ro.dct */,
			);
			name = WultraPassphraseMeterRODictionary;
			sourceTree = "<group>";
		};
		DC5FBB6527A41533008AAFDE = {
			isa = PBXGroup;
			children = (
				DC1BA7ED284E5A3B00325092 /* WultraPassphraseMeterRODictionary */,
				DC1BA7EC284E5A0200325092 /* WultraPassphraseMeter */,
				DC5FBB8F27A443F6008AAFDE /* WultraPassphraseMeterCore */,
				DC1BA7E9284E59E300325092 /* WultraPassphraseMeterCZSKDictionary */,
				DC1BA7E5284E597E00325092 /* WultraPassphraseMeterENDictionary */,
				DC5FBBBD27A48A3A008AAFDE /* FwVersion.xcconfig */,
				DC5FBB7027A41533008AAFDE /* Products */,
				DC5FBBA927A44711008AAFDE /* Frameworks */,
			);
			sourceTree = "<group>";
		};
		DC5FBB7027A41533008AAFDE /* Products */ = {
			isa = PBXGroup;
			children = (
				DC5FBB6F27A41533008AAFDE /* WultraPassphraseMeter.framework */,
				DC5FBBB027A44B55008AAFDE /* WultraPassphraseMeterCZSKDictionary.framework */,
				DC5FBBC327A48F3E008AAFDE /* WultraPassphraseMeterENDictionary.framework */,
				DC1AE0F327A80D5300CC0018 /* WultraPassphraseMeterCore.framework */,
				DC1BA7FA284F3D8B00325092 /* WultraPassphraseMeterRODictionary.framework */,
			);
			name = Products;
			sourceTree = "<group>";
		};
		DC5FBB8F27A443F6008AAFDE /* WultraPassphraseMeterCore */ = {
			isa = PBXGroup;
			children = (
				DC1AE11127A828DC00CC0018 /* WultraPassphraseMeterCore.h */,
				DC1AE10327A80EB100CC0018 /* module.modulemap */,
				DC5FBB9E27A444FA008AAFDE /* pin_tester.c */,
				DC5FBB9C27A444FA008AAFDE /* pin_tester.h */,
				DC5FBB9F27A444FA008AAFDE /* wpm_types.h */,
				DC5FBBA027A444FA008AAFDE /* wultra_pass_meter.c */,
				DC5FBB9D27A444FA008AAFDE /* wultra_pass_meter.h */,
				DC5FBB9A27A444FA008AAFDE /* zxcvbn.c */,
				DC5FBBA127A444FA008AAFDE /* zxcvbn.h */,
			);
			path = WultraPassphraseMeterCore;
			sourceTree = "<group>";
		};
		DC5FBBA927A44711008AAFDE /* Frameworks */ = {
			isa = PBXGroup;
			children = (
			);
			name = Frameworks;
			sourceTree = "<group>";
		};
/* End PBXGroup section */

/* Begin PBXHeadersBuildPhase section */
		DC1AE0EE27A80D5300CC0018 /* Headers */ = {
			isa = PBXHeadersBuildPhase;
			buildActionMask = 2147483647;
			files = (
				DC1AE0FC27A80D7A00CC0018 /* wultra_pass_meter.h in Headers */,
				DC1AE0FF27A80D7A00CC0018 /* zxcvbn.h in Headers */,
				DC1AE0FA27A80D7A00CC0018 /* pin_tester.h in Headers */,
				DC1AE10027A80D7A00CC0018 /* wpm_types.h in Headers */,
				DC1AE11227A828DC00CC0018 /* WultraPassphraseMeterCore.h in Headers */,
			);
			runOnlyForDeploymentPostprocessing = 0;
		};
		DC1BA7F1284F3D8B00325092 /* Headers */ = {
			isa = PBXHeadersBuildPhase;
			buildActionMask = 2147483647;
			files = (
			);
			runOnlyForDeploymentPostprocessing = 0;
		};
		DC5FBB6A27A41533008AAFDE /* Headers */ = {
			isa = PBXHeadersBuildPhase;
			buildActionMask = 2147483647;
			files = (
			);
			runOnlyForDeploymentPostprocessing = 0;
		};
		DC5FBBAB27A44B55008AAFDE /* Headers */ = {
			isa = PBXHeadersBuildPhase;
			buildActionMask = 2147483647;
			files = (
			);
			runOnlyForDeploymentPostprocessing = 0;
		};
		DC5FBBBE27A48F3E008AAFDE /* Headers */ = {
			isa = PBXHeadersBuildPhase;
			buildActionMask = 2147483647;
			files = (
			);
			runOnlyForDeploymentPostprocessing = 0;
		};
/* End PBXHeadersBuildPhase section */

/* Begin PBXNativeTarget section */
		DC1AE0F227A80D5300CC0018 /* WultraPassphraseMeterCore */ = {
			isa = PBXNativeTarget;
			buildConfigurationList = DC1AE0F727A80D5300CC0018 /* Build configuration list for PBXNativeTarget "WultraPassphraseMeterCore" */;
			buildPhases = (
				DC1AE0EE27A80D5300CC0018 /* Headers */,
				DC1AE0EF27A80D5300CC0018 /* Sources */,
				DC1AE0F027A80D5300CC0018 /* Frameworks */,
				DC1AE0F127A80D5300CC0018 /* Resources */,
			);
			buildRules = (
			);
			dependencies = (
			);
			name = WultraPassphraseMeterCore;
			productName = WultraPassphraseMeterCore;
			productReference = DC1AE0F327A80D5300CC0018 /* WultraPassphraseMeterCore.framework */;
			productType = "com.apple.product-type.framework";
		};
		DC1BA7EE284F3D8B00325092 /* WultraPassphraseMeterRODictionary */ = {
			isa = PBXNativeTarget;
			buildConfigurationList = DC1BA7F7284F3D8B00325092 /* Build configuration list for PBXNativeTarget "WultraPassphraseMeterRODictionary" */;
			buildPhases = (
				DC1BA7F1284F3D8B00325092 /* Headers */,
				DC1BA7F2284F3D8B00325092 /* Sources */,
				DC1BA7F4284F3D8B00325092 /* Frameworks */,
				DC1BA7F5284F3D8B00325092 /* Resources */,
			);
			buildRules = (
			);
			dependencies = (
				DC1BA7EF284F3D8B00325092 /* PBXTargetDependency */,
			);
			name = WultraPassphraseMeterRODictionary;
			productName = WultraPassphraseMeterENDictionary;
			productReference = DC1BA7FA284F3D8B00325092 /* WultraPassphraseMeterRODictionary.framework */;
			productType = "com.apple.product-type.framework";
		};
		DC5FBB6E27A41533008AAFDE /* WultraPassphraseMeter */ = {
			isa = PBXNativeTarget;
			buildConfigurationList = DC5FBB7627A41533008AAFDE /* Build configuration list for PBXNativeTarget "WultraPassphraseMeter" */;
			buildPhases = (
				DC5FBB6A27A41533008AAFDE /* Headers */,
				DC5FBB6B27A41533008AAFDE /* Sources */,
				DC5FBB6C27A41533008AAFDE /* Frameworks */,
				DC5FBB6D27A41533008AAFDE /* Resources */,
			);
			buildRules = (
			);
			dependencies = (
				DC1AE10227A80DB700CC0018 /* PBXTargetDependency */,
			);
			name = WultraPassphraseMeter;
			productName = WultraPassphraseMeter;
			productReference = DC5FBB6F27A41533008AAFDE /* WultraPassphraseMeter.framework */;
			productType = "com.apple.product-type.framework";
		};
		DC5FBBAF27A44B55008AAFDE /* WultraPassphraseMeterCZSKDictionary */ = {
			isa = PBXNativeTarget;
			buildConfigurationList = DC5FBBB427A44B55008AAFDE /* Build configuration list for PBXNativeTarget "WultraPassphraseMeterCZSKDictionary" */;
			buildPhases = (
				DC5FBBAB27A44B55008AAFDE /* Headers */,
				DC5FBBAC27A44B55008AAFDE /* Sources */,
				DC5FBBAD27A44B55008AAFDE /* Frameworks */,
				DC5FBBAE27A44B55008AAFDE /* Resources */,
			);
			buildRules = (
			);
			dependencies = (
				DC5FBBBC27A44CAB008AAFDE /* PBXTargetDependency */,
			);
			name = WultraPassphraseMeterCZSKDictionary;
			productName = WultraPassphraseMeterCZSKDictionary;
			productReference = DC5FBBB027A44B55008AAFDE /* WultraPassphraseMeterCZSKDictionary.framework */;
			productType = "com.apple.product-type.framework";
		};
		DC5FBBC227A48F3E008AAFDE /* WultraPassphraseMeterENDictionary */ = {
			isa = PBXNativeTarget;
			buildConfigurationList = DC5FBBC727A48F3E008AAFDE /* Build configuration list for PBXNativeTarget "WultraPassphraseMeterENDictionary" */;
			buildPhases = (
				DC5FBBBE27A48F3E008AAFDE /* Headers */,
				DC5FBBBF27A48F3E008AAFDE /* Sources */,
				DC5FBBC027A48F3E008AAFDE /* Frameworks */,
				DC5FBBC127A48F3E008AAFDE /* Resources */,
			);
			buildRules = (
			);
			dependencies = (
				DC5FBBCF27A48FAB008AAFDE /* PBXTargetDependency */,
			);
			name = WultraPassphraseMeterENDictionary;
			productName = WultraPassphraseMeterENDictionary;
			productReference = DC5FBBC327A48F3E008AAFDE /* WultraPassphraseMeterENDictionary.framework */;
			productType = "com.apple.product-type.framework";
		};
/* End PBXNativeTarget section */

/* Begin PBXProject section */
		DC5FBB6627A41533008AAFDE /* Project object */ = {
			isa = PBXProject;
			attributes = {
				BuildIndependentTargetsInParallel = 1;
				LastUpgradeCheck = 1320;
				TargetAttributes = {
					DC1AE0F227A80D5300CC0018 = {
						CreatedOnToolsVersion = 13.2.1;
					};
					DC1BA7EE284F3D8B00325092 = {
						LastSwiftMigration = 1340;
					};
					DC5FBB6E27A41533008AAFDE = {
						CreatedOnToolsVersion = 13.2.1;
						LastSwiftMigration = 1320;
					};
					DC5FBBAF27A44B55008AAFDE = {
						CreatedOnToolsVersion = 13.2.1;
						LastSwiftMigration = 1320;
					};
					DC5FBBC227A48F3E008AAFDE = {
						CreatedOnToolsVersion = 13.2.1;
						LastSwiftMigration = 1320;
					};
				};
			};
			buildConfigurationList = DC5FBB6927A41533008AAFDE /* Build configuration list for PBXProject "WultraPassphraseMeter" */;
			compatibilityVersion = "Xcode 13.0";
			developmentRegion = en;
			hasScannedForEncodings = 0;
			knownRegions = (
				en,
				Base,
			);
			mainGroup = DC5FBB6527A41533008AAFDE;
			productRefGroup = DC5FBB7027A41533008AAFDE /* Products */;
			projectDirPath = "";
			projectRoot = "";
			targets = (
				DC5FBB6E27A41533008AAFDE /* WultraPassphraseMeter */,
				DC1AE0F227A80D5300CC0018 /* WultraPassphraseMeterCore */,
				DC5FBBAF27A44B55008AAFDE /* WultraPassphraseMeterCZSKDictionary */,
				DC5FBBC227A48F3E008AAFDE /* WultraPassphraseMeterENDictionary */,
				DC1BA7EE284F3D8B00325092 /* WultraPassphraseMeterRODictionary */,
			);
		};
/* End PBXProject section */

/* Begin PBXResourcesBuildPhase section */
		DC1AE0F127A80D5300CC0018 /* Resources */ = {
			isa = PBXResourcesBuildPhase;
			buildActionMask = 2147483647;
			files = (
			);
			runOnlyForDeploymentPostprocessing = 0;
		};
		DC1BA7F5284F3D8B00325092 /* Resources */ = {
			isa = PBXResourcesBuildPhase;
			buildActionMask = 2147483647;
			files = (
				DC1BA7FE284F401800325092 /* ro.dct in Resources */,
			);
			runOnlyForDeploymentPostprocessing = 0;
		};
		DC5FBB6D27A41533008AAFDE /* Resources */ = {
			isa = PBXResourcesBuildPhase;
			buildActionMask = 2147483647;
			files = (
			);
			runOnlyForDeploymentPostprocessing = 0;
		};
		DC5FBBAE27A44B55008AAFDE /* Resources */ = {
			isa = PBXResourcesBuildPhase;
			buildActionMask = 2147483647;
			files = (
				DC1BA7EB284E59F600325092 /* czsk.dct in Resources */,
			);
			runOnlyForDeploymentPostprocessing = 0;
		};
		DC5FBBC127A48F3E008AAFDE /* Resources */ = {
			isa = PBXResourcesBuildPhase;
			buildActionMask = 2147483647;
			files = (
				DC1BA7E8284E59D600325092 /* en.dct in Resources */,
			);
			runOnlyForDeploymentPostprocessing = 0;
		};
/* End PBXResourcesBuildPhase section */

/* Begin PBXSourcesBuildPhase section */
		DC1AE0EF27A80D5300CC0018 /* Sources */ = {
			isa = PBXSourcesBuildPhase;
			buildActionMask = 2147483647;
			files = (
				DC1AE0FD27A80D7A00CC0018 /* pin_tester.c in Sources */,
				DC1AE0FB27A80D7A00CC0018 /* wultra_pass_meter.c in Sources */,
				DC1AE0FE27A80D7A00CC0018 /* zxcvbn.c in Sources */,
			);
			runOnlyForDeploymentPostprocessing = 0;
		};
		DC1BA7F2284F3D8B00325092 /* Sources */ = {
			isa = PBXSourcesBuildPhase;
			buildActionMask = 2147483647;
			files = (
				DC1BA7FC284F3DBB00325092 /* PasswordTester_ro.swift in Sources */,
			);
			runOnlyForDeploymentPostprocessing = 0;
		};
		DC5FBB6B27A41533008AAFDE /* Sources */ = {
			isa = PBXSourcesBuildPhase;
			buildActionMask = 2147483647;
			files = (
				DC5FBB7A27A442AD008AAFDE /* PasswordTester.swift in Sources */,
			);
			runOnlyForDeploymentPostprocessing = 0;
		};
		DC5FBBAC27A44B55008AAFDE /* Sources */ = {
			isa = PBXSourcesBuildPhase;
			buildActionMask = 2147483647;
			files = (
				DC5FBBB827A44C6E008AAFDE /* PasswordTester_czsk.swift in Sources */,
			);
			runOnlyForDeploymentPostprocessing = 0;
		};
		DC5FBBBF27A48F3E008AAFDE /* Sources */ = {
			isa = PBXSourcesBuildPhase;
			buildActionMask = 2147483647;
			files = (
				DC5FBBCB27A48F56008AAFDE /* PasswordTester_en.swift in Sources */,
			);
			runOnlyForDeploymentPostprocessing = 0;
		};
/* End PBXSourcesBuildPhase section */

/* Begin PBXTargetDependency section */
		DC1AE10227A80DB700CC0018 /* PBXTargetDependency */ = {
			isa = PBXTargetDependency;
			target = DC1AE0F227A80D5300CC0018 /* WultraPassphraseMeterCore */;
			targetProxy = DC1AE10127A80DB700CC0018 /* PBXContainerItemProxy */;
		};
		DC1BA7EF284F3D8B00325092 /* PBXTargetDependency */ = {
			isa = PBXTargetDependency;
			target = DC5FBB6E27A41533008AAFDE /* WultraPassphraseMeter */;
			targetProxy = DC1BA7F0284F3D8B00325092 /* PBXContainerItemProxy */;
		};
		DC5FBBBC27A44CAB008AAFDE /* PBXTargetDependency */ = {
			isa = PBXTargetDependency;
			target = DC5FBB6E27A41533008AAFDE /* WultraPassphraseMeter */;
			targetProxy = DC5FBBBB27A44CAB008AAFDE /* PBXContainerItemProxy */;
		};
		DC5FBBCF27A48FAB008AAFDE /* PBXTargetDependency */ = {
			isa = PBXTargetDependency;
			target = DC5FBB6E27A41533008AAFDE /* WultraPassphraseMeter */;
			targetProxy = DC5FBBCE27A48FAB008AAFDE /* PBXContainerItemProxy */;
		};
/* End PBXTargetDependency section */

/* Begin XCBuildConfiguration section */
		DC1AE0F827A80D5300CC0018 /* Debug */ = {
			isa = XCBuildConfiguration;
			baseConfigurationReference = DC5FBBBD27A48A3A008AAFDE /* FwVersion.xcconfig */;
			buildSettings = {
				CODE_SIGN_STYLE = Automatic;
				CURRENT_PROJECT_VERSION = $CURRENT_PROJECT_VERSION;
				DEFINES_MODULE = YES;
				DEVELOPMENT_TEAM = KTT9G859MR;
				DYLIB_COMPATIBILITY_VERSION = 1;
				DYLIB_CURRENT_VERSION = 1;
				DYLIB_INSTALL_NAME_BASE = "@rpath";
				GENERATE_INFOPLIST_FILE = YES;
				INFOPLIST_KEY_NSHumanReadableCopyright = "";
				INSTALL_PATH = "$(LOCAL_LIBRARY_DIR)/Frameworks";
				IPHONEOS_DEPLOYMENT_TARGET = 9.0;
				LD_RUNPATH_SEARCH_PATHS = (
					"$(inherited)",
					"@executable_path/Frameworks",
					"@loader_path/Frameworks",
				);
				MARKETING_VERSION = $CURRENT_PROJECT_VERSION_STRING;
				MODULEMAP_FILE = "${SRCROOT}/WultraPassphraseMeterCore/module.modulemap";
				PRODUCT_BUNDLE_IDENTIFIER = com.wultra.WultraPassphraseMeterCore;
				PRODUCT_NAME = "$(TARGET_NAME:c99extidentifier)";
				SKIP_INSTALL = YES;
				SWIFT_EMIT_LOC_STRINGS = YES;
				SWIFT_VERSION = 5.0;
				TARGETED_DEVICE_FAMILY = "1,2";
			};
			name = Debug;
		};
		DC1AE0F927A80D5300CC0018 /* Release */ = {
			isa = XCBuildConfiguration;
			baseConfigurationReference = DC5FBBBD27A48A3A008AAFDE /* FwVersion.xcconfig */;
			buildSettings = {
				CODE_SIGN_STYLE = Automatic;
				CURRENT_PROJECT_VERSION = $CURRENT_PROJECT_VERSION;
				DEFINES_MODULE = YES;
				DEVELOPMENT_TEAM = KTT9G859MR;
				DYLIB_COMPATIBILITY_VERSION = 1;
				DYLIB_CURRENT_VERSION = 1;
				DYLIB_INSTALL_NAME_BASE = "@rpath";
				GENERATE_INFOPLIST_FILE = YES;
				INFOPLIST_KEY_NSHumanReadableCopyright = "";
				INSTALL_PATH = "$(LOCAL_LIBRARY_DIR)/Frameworks";
				IPHONEOS_DEPLOYMENT_TARGET = 9.0;
				LD_RUNPATH_SEARCH_PATHS = (
					"$(inherited)",
					"@executable_path/Frameworks",
					"@loader_path/Frameworks",
				);
				MARKETING_VERSION = $CURRENT_PROJECT_VERSION_STRING;
				MODULEMAP_FILE = "${SRCROOT}/WultraPassphraseMeterCore/module.modulemap";
				PRODUCT_BUNDLE_IDENTIFIER = com.wultra.WultraPassphraseMeterCore;
				PRODUCT_NAME = "$(TARGET_NAME:c99extidentifier)";
				SKIP_INSTALL = YES;
				SWIFT_EMIT_LOC_STRINGS = YES;
				SWIFT_VERSION = 5.0;
				TARGETED_DEVICE_FAMILY = "1,2";
			};
			name = Release;
		};
		DC1BA7F8284F3D8B00325092 /* Debug */ = {
			isa = XCBuildConfiguration;
			baseConfigurationReference = DC5FBBBD27A48A3A008AAFDE /* FwVersion.xcconfig */;
			buildSettings = {
				CLANG_ENABLE_MODULES = YES;
				CODE_SIGN_STYLE = Automatic;
				CURRENT_PROJECT_VERSION = "${CURRENT_PROJECT_VERSION}";
				DEFINES_MODULE = YES;
				DEVELOPMENT_TEAM = KTT9G859MR;
				DYLIB_COMPATIBILITY_VERSION = 1;
				DYLIB_CURRENT_VERSION = 1;
				DYLIB_INSTALL_NAME_BASE = "@rpath";
				GENERATE_INFOPLIST_FILE = YES;
				INFOPLIST_KEY_NSHumanReadableCopyright = "";
				INSTALL_PATH = "$(LOCAL_LIBRARY_DIR)/Frameworks";
				IPHONEOS_DEPLOYMENT_TARGET = 9.0;
				LD_RUNPATH_SEARCH_PATHS = (
					"$(inherited)",
					"@executable_path/Frameworks",
					"@loader_path/Frameworks",
				);
				MARKETING_VERSION = "${CURRENT_PROJECT_VERSION_STRING}";
				PRODUCT_BUNDLE_IDENTIFIER = com.wultra.WultraPassphraseMeterENDictionary;
				PRODUCT_NAME = "$(TARGET_NAME)";
				SKIP_INSTALL = YES;
				SWIFT_EMIT_LOC_STRINGS = YES;
				SWIFT_OPTIMIZATION_LEVEL = "-Onone";
				SWIFT_VERSION = 5.0;
				TARGETED_DEVICE_FAMILY = "1,2";
			};
			name = Debug;
		};
		DC1BA7F9284F3D8B00325092 /* Release */ = {
			isa = XCBuildConfiguration;
			baseConfigurationReference = DC5FBBBD27A48A3A008AAFDE /* FwVersion.xcconfig */;
			buildSettings = {
				CLANG_ENABLE_MODULES = YES;
				CODE_SIGN_STYLE = Automatic;
				CURRENT_PROJECT_VERSION = "${CURRENT_PROJECT_VERSION}";
				DEFINES_MODULE = YES;
				DEVELOPMENT_TEAM = KTT9G859MR;
				DYLIB_COMPATIBILITY_VERSION = 1;
				DYLIB_CURRENT_VERSION = 1;
				DYLIB_INSTALL_NAME_BASE = "@rpath";
				GENERATE_INFOPLIST_FILE = YES;
				INFOPLIST_KEY_NSHumanReadableCopyright = "";
				INSTALL_PATH = "$(LOCAL_LIBRARY_DIR)/Frameworks";
				IPHONEOS_DEPLOYMENT_TARGET = 9.0;
				LD_RUNPATH_SEARCH_PATHS = (
					"$(inherited)",
					"@executable_path/Frameworks",
					"@loader_path/Frameworks",
				);
				MARKETING_VERSION = "${CURRENT_PROJECT_VERSION_STRING}";
				PRODUCT_BUNDLE_IDENTIFIER = com.wultra.WultraPassphraseMeterENDictionary;
				PRODUCT_NAME = "$(TARGET_NAME)";
				SKIP_INSTALL = YES;
				SWIFT_EMIT_LOC_STRINGS = YES;
				SWIFT_VERSION = 5.0;
				TARGETED_DEVICE_FAMILY = "1,2";
			};
			name = Release;
		};
		DC5FBB7427A41533008AAFDE /* Debug */ = {
			isa = XCBuildConfiguration;
			baseConfigurationReference = DC5FBBBD27A48A3A008AAFDE /* FwVersion.xcconfig */;
			buildSettings = {
				ALWAYS_SEARCH_USER_PATHS = NO;
				BUILD_LIBRARY_FOR_DISTRIBUTION = YES;
				CLANG_ALLOW_NON_MODULAR_INCLUDES_IN_FRAMEWORK_MODULES = YES;
				CLANG_ANALYZER_NONNULL = YES;
				CLANG_ANALYZER_NUMBER_OBJECT_CONVERSION = YES_AGGRESSIVE;
				CLANG_CXX_LANGUAGE_STANDARD = "gnu++17";
				CLANG_CXX_LIBRARY = "libc++";
				CLANG_ENABLE_MODULES = YES;
				CLANG_ENABLE_OBJC_ARC = YES;
				CLANG_ENABLE_OBJC_WEAK = YES;
				CLANG_WARN_BLOCK_CAPTURE_AUTORELEASING = YES;
				CLANG_WARN_BOOL_CONVERSION = YES;
				CLANG_WARN_COMMA = YES;
				CLANG_WARN_CONSTANT_CONVERSION = YES;
				CLANG_WARN_DEPRECATED_OBJC_IMPLEMENTATIONS = YES;
				CLANG_WARN_DIRECT_OBJC_ISA_USAGE = YES_ERROR;
				CLANG_WARN_DOCUMENTATION_COMMENTS = YES;
				CLANG_WARN_EMPTY_BODY = YES;
				CLANG_WARN_ENUM_CONVERSION = YES;
				CLANG_WARN_INFINITE_RECURSION = YES;
				CLANG_WARN_INT_CONVERSION = YES;
				CLANG_WARN_NON_LITERAL_NULL_CONVERSION = YES;
				CLANG_WARN_OBJC_IMPLICIT_RETAIN_SELF = YES;
				CLANG_WARN_OBJC_LITERAL_CONVERSION = YES;
				CLANG_WARN_OBJC_ROOT_CLASS = YES_ERROR;
				CLANG_WARN_QUOTED_INCLUDE_IN_FRAMEWORK_HEADER = YES;
				CLANG_WARN_RANGE_LOOP_ANALYSIS = YES;
				CLANG_WARN_STRICT_PROTOTYPES = YES;
				CLANG_WARN_SUSPICIOUS_MOVE = YES;
				CLANG_WARN_UNGUARDED_AVAILABILITY = YES_AGGRESSIVE;
				CLANG_WARN_UNREACHABLE_CODE = YES;
				CLANG_WARN__DUPLICATE_METHOD_MATCH = YES;
				COPY_PHASE_STRIP = NO;
				CURRENT_PROJECT_VERSION = 1;
				DEBUG_INFORMATION_FORMAT = dwarf;
				ENABLE_STRICT_OBJC_MSGSEND = YES;
				ENABLE_TESTABILITY = YES;
				GCC_C_LANGUAGE_STANDARD = gnu11;
				GCC_DYNAMIC_NO_PIC = NO;
				GCC_NO_COMMON_BLOCKS = YES;
				GCC_OPTIMIZATION_LEVEL = 0;
				GCC_PREPROCESSOR_DEFINITIONS = (
					"DEBUG=1",
					"$(inherited)",
				);
				GCC_WARN_64_TO_32_BIT_CONVERSION = YES;
				GCC_WARN_ABOUT_RETURN_TYPE = YES_ERROR;
				GCC_WARN_UNDECLARED_SELECTOR = YES;
				GCC_WARN_UNINITIALIZED_AUTOS = YES_AGGRESSIVE;
				GCC_WARN_UNUSED_FUNCTION = YES;
				GCC_WARN_UNUSED_VARIABLE = YES;
				IPHONEOS_DEPLOYMENT_TARGET = 9.0;
				MTL_ENABLE_DEBUG_INFO = INCLUDE_SOURCE;
				MTL_FAST_MATH = YES;
				ONLY_ACTIVE_ARCH = YES;
				OTHER_SWIFT_FLAGS = "$(inherited) -Xfrontend -no-serialize-debugging-options";
				SDKROOT = iphoneos;
				SWIFT_ACTIVE_COMPILATION_CONDITIONS = DEBUG;
				SWIFT_OPTIMIZATION_LEVEL = "-Onone";
				VERSIONING_SYSTEM = "apple-generic";
				VERSION_INFO_PREFIX = "";
			};
			name = Debug;
		};
		DC5FBB7527A41533008AAFDE /* Release */ = {
			isa = XCBuildConfiguration;
			baseConfigurationReference = DC5FBBBD27A48A3A008AAFDE /* FwVersion.xcconfig */;
			buildSettings = {
				ALWAYS_SEARCH_USER_PATHS = NO;
				BUILD_LIBRARY_FOR_DISTRIBUTION = YES;
				CLANG_ALLOW_NON_MODULAR_INCLUDES_IN_FRAMEWORK_MODULES = YES;
				CLANG_ANALYZER_NONNULL = YES;
				CLANG_ANALYZER_NUMBER_OBJECT_CONVERSION = YES_AGGRESSIVE;
				CLANG_CXX_LANGUAGE_STANDARD = "gnu++17";
				CLANG_CXX_LIBRARY = "libc++";
				CLANG_ENABLE_MODULES = YES;
				CLANG_ENABLE_OBJC_ARC = YES;
				CLANG_ENABLE_OBJC_WEAK = YES;
				CLANG_WARN_BLOCK_CAPTURE_AUTORELEASING = YES;
				CLANG_WARN_BOOL_CONVERSION = YES;
				CLANG_WARN_COMMA = YES;
				CLANG_WARN_CONSTANT_CONVERSION = YES;
				CLANG_WARN_DEPRECATED_OBJC_IMPLEMENTATIONS = YES;
				CLANG_WARN_DIRECT_OBJC_ISA_USAGE = YES_ERROR;
				CLANG_WARN_DOCUMENTATION_COMMENTS = YES;
				CLANG_WARN_EMPTY_BODY = YES;
				CLANG_WARN_ENUM_CONVERSION = YES;
				CLANG_WARN_INFINITE_RECURSION = YES;
				CLANG_WARN_INT_CONVERSION = YES;
				CLANG_WARN_NON_LITERAL_NULL_CONVERSION = YES;
				CLANG_WARN_OBJC_IMPLICIT_RETAIN_SELF = YES;
				CLANG_WARN_OBJC_LITERAL_CONVERSION = YES;
				CLANG_WARN_OBJC_ROOT_CLASS = YES_ERROR;
				CLANG_WARN_QUOTED_INCLUDE_IN_FRAMEWORK_HEADER = YES;
				CLANG_WARN_RANGE_LOOP_ANALYSIS = YES;
				CLANG_WARN_STRICT_PROTOTYPES = YES;
				CLANG_WARN_SUSPICIOUS_MOVE = YES;
				CLANG_WARN_UNGUARDED_AVAILABILITY = YES_AGGRESSIVE;
				CLANG_WARN_UNREACHABLE_CODE = YES;
				CLANG_WARN__DUPLICATE_METHOD_MATCH = YES;
				COPY_PHASE_STRIP = NO;
				CURRENT_PROJECT_VERSION = 1;
				DEBUG_INFORMATION_FORMAT = "dwarf-with-dsym";
				ENABLE_NS_ASSERTIONS = NO;
				ENABLE_STRICT_OBJC_MSGSEND = YES;
				GCC_C_LANGUAGE_STANDARD = gnu11;
				GCC_NO_COMMON_BLOCKS = YES;
				GCC_WARN_64_TO_32_BIT_CONVERSION = YES;
				GCC_WARN_ABOUT_RETURN_TYPE = YES_ERROR;
				GCC_WARN_UNDECLARED_SELECTOR = YES;
				GCC_WARN_UNINITIALIZED_AUTOS = YES_AGGRESSIVE;
				GCC_WARN_UNUSED_FUNCTION = YES;
				GCC_WARN_UNUSED_VARIABLE = YES;
				IPHONEOS_DEPLOYMENT_TARGET = 9.0;
				MTL_ENABLE_DEBUG_INFO = NO;
				MTL_FAST_MATH = YES;
				OTHER_SWIFT_FLAGS = "$(inherited) -Xfrontend -no-serialize-debugging-options";
				SDKROOT = iphoneos;
				SWIFT_COMPILATION_MODE = wholemodule;
				SWIFT_OPTIMIZATION_LEVEL = "-O";
				VALIDATE_PRODUCT = YES;
				VERSIONING_SYSTEM = "apple-generic";
				VERSION_INFO_PREFIX = "";
			};
			name = Release;
		};
		DC5FBB7727A41533008AAFDE /* Debug */ = {
			isa = XCBuildConfiguration;
			baseConfigurationReference = DC5FBBBD27A48A3A008AAFDE /* FwVersion.xcconfig */;
			buildSettings = {
				CLANG_ENABLE_MODULES = YES;
				CODE_SIGN_STYLE = Automatic;
				CURRENT_PROJECT_VERSION = "${CURRENT_PROJECT_VERSION}";
				DEFINES_MODULE = NO;
				DEVELOPMENT_TEAM = KTT9G859MR;
				DYLIB_COMPATIBILITY_VERSION = 1;
				DYLIB_CURRENT_VERSION = 1;
				DYLIB_INSTALL_NAME_BASE = "@rpath";
				GENERATE_INFOPLIST_FILE = YES;
				INFOPLIST_KEY_NSHumanReadableCopyright = "";
				INSTALL_PATH = "$(LOCAL_LIBRARY_DIR)/Frameworks";
				IPHONEOS_DEPLOYMENT_TARGET = 9.0;
				LD_RUNPATH_SEARCH_PATHS = (
					"$(inherited)",
					"@executable_path/Frameworks",
					"@loader_path/Frameworks",
				);
				MARKETING_VERSION = "${CURRENT_PROJECT_VERSION_STRING}";
				PRODUCT_BUNDLE_IDENTIFIER = com.wultra.WultraPassphraseMeter;
				PRODUCT_NAME = "$(TARGET_NAME:c99extidentifier)";
				SKIP_INSTALL = YES;
				SUPPORTS_MACCATALYST = YES;
				SWIFT_EMIT_LOC_STRINGS = YES;
				SWIFT_OPTIMIZATION_LEVEL = "-Onone";
				SWIFT_VERSION = 5.0;
				TARGETED_DEVICE_FAMILY = "1,2";
			};
			name = Debug;
		};
		DC5FBB7827A41533008AAFDE /* Release */ = {
			isa = XCBuildConfiguration;
			baseConfigurationReference = DC5FBBBD27A48A3A008AAFDE /* FwVersion.xcconfig */;
			buildSettings = {
				CLANG_ENABLE_MODULES = YES;
				CODE_SIGN_STYLE = Automatic;
				CURRENT_PROJECT_VERSION = "${CURRENT_PROJECT_VERSION}";
				DEFINES_MODULE = NO;
				DEVELOPMENT_TEAM = KTT9G859MR;
				DYLIB_COMPATIBILITY_VERSION = 1;
				DYLIB_CURRENT_VERSION = 1;
				DYLIB_INSTALL_NAME_BASE = "@rpath";
				GENERATE_INFOPLIST_FILE = YES;
				INFOPLIST_KEY_NSHumanReadableCopyright = "";
				INSTALL_PATH = "$(LOCAL_LIBRARY_DIR)/Frameworks";
				IPHONEOS_DEPLOYMENT_TARGET = 9.0;
				LD_RUNPATH_SEARCH_PATHS = (
					"$(inherited)",
					"@executable_path/Frameworks",
					"@loader_path/Frameworks",
				);
				MARKETING_VERSION = "${CURRENT_PROJECT_VERSION_STRING}";
				PRODUCT_BUNDLE_IDENTIFIER = com.wultra.WultraPassphraseMeter;
				PRODUCT_NAME = "$(TARGET_NAME:c99extidentifier)";
				SKIP_INSTALL = YES;
				SUPPORTS_MACCATALYST = YES;
				SWIFT_EMIT_LOC_STRINGS = YES;
				SWIFT_VERSION = 5.0;
				TARGETED_DEVICE_FAMILY = "1,2";
			};
			name = Release;
		};
		DC5FBBB527A44B55008AAFDE /* Debug */ = {
			isa = XCBuildConfiguration;
			baseConfigurationReference = DC5FBBBD27A48A3A008AAFDE /* FwVersion.xcconfig */;
			buildSettings = {
				CLANG_ENABLE_MODULES = YES;
				CODE_SIGN_STYLE = Automatic;
				CURRENT_PROJECT_VERSION = "${CURRENT_PROJECT_VERSION}";
				DEFINES_MODULE = YES;
				DEVELOPMENT_TEAM = KTT9G859MR;
				DYLIB_COMPATIBILITY_VERSION = 1;
				DYLIB_CURRENT_VERSION = 1;
				DYLIB_INSTALL_NAME_BASE = "@rpath";
				GENERATE_INFOPLIST_FILE = YES;
				INFOPLIST_KEY_NSHumanReadableCopyright = "";
				INSTALL_PATH = "$(LOCAL_LIBRARY_DIR)/Frameworks";
				IPHONEOS_DEPLOYMENT_TARGET = 9.0;
				LD_RUNPATH_SEARCH_PATHS = (
					"$(inherited)",
					"@executable_path/Frameworks",
					"@loader_path/Frameworks",
				);
				MARKETING_VERSION = "${CURRENT_PROJECT_VERSION_STRING}";
				PRODUCT_BUNDLE_IDENTIFIER = com.wultra.WultraPassphraseMeterCZSKDictionary;
				PRODUCT_NAME = "$(TARGET_NAME:c99extidentifier)";
				SKIP_INSTALL = YES;
				SWIFT_EMIT_LOC_STRINGS = YES;
				SWIFT_OPTIMIZATION_LEVEL = "-Onone";
				SWIFT_VERSION = 5.0;
				TARGETED_DEVICE_FAMILY = "1,2";
			};
			name = Debug;
		};
		DC5FBBB627A44B55008AAFDE /* Release */ = {
			isa = XCBuildConfiguration;
			baseConfigurationReference = DC5FBBBD27A48A3A008AAFDE /* FwVersion.xcconfig */;
			buildSettings = {
				CLANG_ENABLE_MODULES = YES;
				CODE_SIGN_STYLE = Automatic;
				CURRENT_PROJECT_VERSION = "${CURRENT_PROJECT_VERSION}";
				DEFINES_MODULE = YES;
				DEVELOPMENT_TEAM = KTT9G859MR;
				DYLIB_COMPATIBILITY_VERSION = 1;
				DYLIB_CURRENT_VERSION = 1;
				DYLIB_INSTALL_NAME_BASE = "@rpath";
				GENERATE_INFOPLIST_FILE = YES;
				INFOPLIST_KEY_NSHumanReadableCopyright = "";
				INSTALL_PATH = "$(LOCAL_LIBRARY_DIR)/Frameworks";
				IPHONEOS_DEPLOYMENT_TARGET = 9.0;
				LD_RUNPATH_SEARCH_PATHS = (
					"$(inherited)",
					"@executable_path/Frameworks",
					"@loader_path/Frameworks",
				);
				MARKETING_VERSION = "${CURRENT_PROJECT_VERSION_STRING}";
				PRODUCT_BUNDLE_IDENTIFIER = com.wultra.WultraPassphraseMeterCZSKDictionary;
				PRODUCT_NAME = "$(TARGET_NAME:c99extidentifier)";
				SKIP_INSTALL = YES;
				SWIFT_EMIT_LOC_STRINGS = YES;
				SWIFT_VERSION = 5.0;
				TARGETED_DEVICE_FAMILY = "1,2";
			};
			name = Release;
		};
		DC5FBBC827A48F3E008AAFDE /* Debug */ = {
			isa = XCBuildConfiguration;
			baseConfigurationReference = DC5FBBBD27A48A3A008AAFDE /* FwVersion.xcconfig */;
			buildSettings = {
				CLANG_ENABLE_MODULES = YES;
				CODE_SIGN_STYLE = Automatic;
				CURRENT_PROJECT_VERSION = "${CURRENT_PROJECT_VERSION}";
				DEFINES_MODULE = YES;
				DEVELOPMENT_TEAM = KTT9G859MR;
				DYLIB_COMPATIBILITY_VERSION = 1;
				DYLIB_CURRENT_VERSION = 1;
				DYLIB_INSTALL_NAME_BASE = "@rpath";
				GENERATE_INFOPLIST_FILE = YES;
				INFOPLIST_KEY_NSHumanReadableCopyright = "";
				INSTALL_PATH = "$(LOCAL_LIBRARY_DIR)/Frameworks";
				IPHONEOS_DEPLOYMENT_TARGET = 9.0;
				LD_RUNPATH_SEARCH_PATHS = (
					"$(inherited)",
					"@executable_path/Frameworks",
					"@loader_path/Frameworks",
				);
				MARKETING_VERSION = "${CURRENT_PROJECT_VERSION_STRING}";
				PRODUCT_BUNDLE_IDENTIFIER = com.wultra.WultraPassphraseMeterENDictionary;
				PRODUCT_NAME = "$(TARGET_NAME:c99extidentifier)";
				SKIP_INSTALL = YES;
				SWIFT_EMIT_LOC_STRINGS = YES;
				SWIFT_OPTIMIZATION_LEVEL = "-Onone";
				SWIFT_VERSION = 5.0;
				TARGETED_DEVICE_FAMILY = "1,2";
			};
			name = Debug;
		};
		DC5FBBC927A48F3E008AAFDE /* Release */ = {
			isa = XCBuildConfiguration;
			baseConfigurationReference = DC5FBBBD27A48A3A008AAFDE /* FwVersion.xcconfig */;
			buildSettings = {
				CLANG_ENABLE_MODULES = YES;
				CODE_SIGN_STYLE = Automatic;
				CURRENT_PROJECT_VERSION = "${CURRENT_PROJECT_VERSION}";
				DEFINES_MODULE = YES;
				DEVELOPMENT_TEAM = KTT9G859MR;
				DYLIB_COMPATIBILITY_VERSION = 1;
				DYLIB_CURRENT_VERSION = 1;
				DYLIB_INSTALL_NAME_BASE = "@rpath";
				GENERATE_INFOPLIST_FILE = YES;
				INFOPLIST_KEY_NSHumanReadableCopyright = "";
				INSTALL_PATH = "$(LOCAL_LIBRARY_DIR)/Frameworks";
				IPHONEOS_DEPLOYMENT_TARGET = 9.0;
				LD_RUNPATH_SEARCH_PATHS = (
					"$(inherited)",
					"@executable_path/Frameworks",
					"@loader_path/Frameworks",
				);
				MARKETING_VERSION = "${CURRENT_PROJECT_VERSION_STRING}";
				PRODUCT_BUNDLE_IDENTIFIER = com.wultra.WultraPassphraseMeterENDictionary;
				PRODUCT_NAME = "$(TARGET_NAME:c99extidentifier)";
				SKIP_INSTALL = YES;
				SWIFT_EMIT_LOC_STRINGS = YES;
				SWIFT_VERSION = 5.0;
				TARGETED_DEVICE_FAMILY = "1,2";
			};
			name = Release;
		};
/* End XCBuildConfiguration section */

/* Begin XCConfigurationList section */
		DC1AE0F727A80D5300CC0018 /* Build configuration list for PBXNativeTarget "WultraPassphraseMeterCore" */ = {
			isa = XCConfigurationList;
			buildConfigurations = (
				DC1AE0F827A80D5300CC0018 /* Debug */,
				DC1AE0F927A80D5300CC0018 /* Release */,
			);
			defaultConfigurationIsVisible = 0;
			defaultConfigurationName = Release;
		};
		DC1BA7F7284F3D8B00325092 /* Build configuration list for PBXNativeTarget "WultraPassphraseMeterRODictionary" */ = {
			isa = XCConfigurationList;
			buildConfigurations = (
				DC1BA7F8284F3D8B00325092 /* Debug */,
				DC1BA7F9284F3D8B00325092 /* Release */,
			);
			defaultConfigurationIsVisible = 0;
			defaultConfigurationName = Release;
		};
		DC5FBB6927A41533008AAFDE /* Build configuration list for PBXProject "WultraPassphraseMeter" */ = {
			isa = XCConfigurationList;
			buildConfigurations = (
				DC5FBB7427A41533008AAFDE /* Debug */,
				DC5FBB7527A41533008AAFDE /* Release */,
			);
			defaultConfigurationIsVisible = 0;
			defaultConfigurationName = Release;
		};
		DC5FBB7627A41533008AAFDE /* Build configuration list for PBXNativeTarget "WultraPassphraseMeter" */ = {
			isa = XCConfigurationList;
			buildConfigurations = (
				DC5FBB7727A41533008AAFDE /* Debug */,
				DC5FBB7827A41533008AAFDE /* Release */,
			);
			defaultConfigurationIsVisible = 0;
			defaultConfigurationName = Release;
		};
		DC5FBBB427A44B55008AAFDE /* Build configuration list for PBXNativeTarget "WultraPassphraseMeterCZSKDictionary" */ = {
			isa = XCConfigurationList;
			buildConfigurations = (
				DC5FBBB527A44B55008AAFDE /* Debug */,
				DC5FBBB627A44B55008AAFDE /* Release */,
			);
			defaultConfigurationIsVisible = 0;
			defaultConfigurationName = Release;
		};
		DC5FBBC727A48F3E008AAFDE /* Build configuration list for PBXNativeTarget "WultraPassphraseMeterENDictionary" */ = {
			isa = XCConfigurationList;
			buildConfigurations = (
				DC5FBBC827A48F3E008AAFDE /* Debug */,
				DC5FBBC927A48F3E008AAFDE /* Release */,
			);
			defaultConfigurationIsVisible = 0;
			defaultConfigurationName = Release;
		};
/* End XCConfigurationList section */
	};
	rootObject = DC5FBB6627A41533008AAFDE /* Project object */;
}
