PODS:
  - WultraPassphraseMeter (1.0.1):
    - WultraPassphraseMeter/Core (= 1.0.1)
  - WultraPassphraseMeter/Core (1.0.1)
  - WultraPassphraseMeter/Dictionary_czsk (1.0.1):
    - WultraPassphraseMeter/Core
  - WultraPassphraseMeter/Dictionary_en (1.0.1):
    - WultraPassphraseMeter/Core

DEPENDENCIES:
  - WultraPassphraseMeter (from `../../../`)
  - WultraPassphraseMeter/Dictionary_czsk (from `../../../`)
  - WultraPassphraseMeter/Dictionary_en (from `../../../`)

EXTERNAL SOURCES:
  WultraPassphraseMeter:
    :path: "../../../"

SPEC CHECKSUMS:
  WultraPassphraseMeter: 4b99e31c984e99703730311a329142fca6712176

PODFILE CHECKSUM: b3495ca77227430cff13712d2cd2188a7c48e11a

COCOAPODS: 1.11.3
