PODS:
  - WultraPassphraseMeter (1.0.0):
    - WultraPassphraseMeter/Core (= 1.0.0)
  - WultraPassphraseMeter/Core (1.0.0)
  - WultraPassphraseMeter/Dictionary_czsk (1.0.0):
    - WultraPassphraseMeter/Core
  - WultraPassphraseMeter/Dictionary_en (1.0.0):
    - WultraPassphraseMeter/Core

DEPENDENCIES:
  - WultraPassphraseMeter (from `../../../`)
  - WultraPassphraseMeter/Dictionary_czsk (from `../../../`)
  - WultraPassphraseMeter/Dictionary_en (from `../../../`)

EXTERNAL SOURCES:
  WultraPassphraseMeter:
    :path: "../../../"

SPEC CHECKSUMS:
  WultraPassphraseMeter: e4cb12ef342032ecc7997ad6f9aba417eaa036d2

PODFILE CHECKSUM: fbbd1408926e6e8d704acb1d2ce6577739e7a8b0

COCOAPODS: 1.6.1
