PODS:
  - WultraPassphraseMeter (1.0.0):
    - WultraPassphraseMeter/Core (= 1.0.0)
  - WultraPassphraseMeter/Core (1.0.0)
  - WultraPassphraseMeter/Dictionary_czsk (1.0.0):
    - WultraPassphraseMeter/Core
  - WultraPassphraseMeter/Dictionary_en (1.0.0):
    - WultraPassphraseMeter/Core

DEPENDENCIES:
  - WultraPassphraseMeter (from `../../../../`)
  - WultraPassphraseMeter/Dictionary_czsk (from `../../../../`)
  - WultraPassphraseMeter/Dictionary_en (from `../../../../`)

EXTERNAL SOURCES:
  WultraPassphraseMeter:
    :path: "../../../../"

SPEC CHECKSUMS:
  WultraPassphraseMeter: e4cb12ef342032ecc7997ad6f9aba417eaa036d2

PODFILE CHECKSUM: d9aafd3765b2284bc105e731f8de810aa43f914d

COCOAPODS: 1.6.1
