PODS:
  - WultraPassphraseMeter (1.0.0):
    - WultraPassphraseMeter/Core (= 1.0.0)
  - WultraPassphraseMeter/Core (1.0.0)
  - WultraPassphraseMeter/Dictionary_czsk (1.0.0):
    - WultraPassphraseMeter/Core
  - WultraPassphraseMeter/Dictionary_en (1.0.0):
    - WultraPassphraseMeter/Core

DEPENDENCIES:
  - WultraPassphraseMeter (from `../../../../`)
  - WultraPassphraseMeter/Dictionary_czsk (from `../../../../`)
  - WultraPassphraseMeter/Dictionary_en (from `../../../../`)

EXTERNAL SOURCES:
  WultraPassphraseMeter:
    :path: "../../../../"

SPEC CHECKSUMS:
  WultraPassphraseMeter: 03ff756d3531d0336dff8fdf27d92db26c89a20b

PODFILE CHECKSUM: d9aafd3765b2284bc105e731f8de810aa43f914d

COCOAPODS: 1.6.1
